
Microsoft Visual Studio Solution File, Format Version 12.00
# Visual Studio 15
VisualStudioVersion = 15.0.26430.13
MinimumVisualStudioVersion = 10.0.40219.1
Project("{FAE04EC0-301F-11D3-BF4B-00C04F79EFBC}") = "eGandalf.Epi.PagePreview", "eGandalf.Epi.PagePreview\eGandalf.Epi.PagePreview.csproj", "{8488A57E-8D8E-46F3-AA31-ADB7CEB78684}"
EndProject
Global
	GlobalSection(SolutionConfigurationPlatforms) = preSolution
		Debug|Any CPU = Debug|Any CPU
		Release|Any CPU = Release|Any CPU
	EndGlobalSection
	GlobalSection(ProjectConfigurationPlatforms) = postSolution
		{8488A57E-8D8E-46F3-AA31-ADB7CEB78684}.Debug|Any CPU.ActiveCfg = Debug|Any CPU
		{8488A57E-8D8E-46F3-AA31-ADB7CEB78684}.Debug|Any CPU.Build.0 = Debug|Any CPU
		{8488A57E-8D8E-46F3-AA31-ADB7CEB78684}.Release|Any CPU.ActiveCfg = Release|Any CPU
		{8488A57E-8D8E-46F3-AA31-ADB7CEB78684}.Release|Any CPU.Build.0 = Release|Any CPU
	EndGlobalSection
	GlobalSection(SolutionProperties) = preSolution
		HideSolutionNode = FALSE
	EndGlobalSection
EndGlobal
